
Microsoft Visual Studio Solution File, Format Version 12.00
# Visual Studio 15
VisualStudioVersion = 15.0.27428.2015
MinimumVisualStudioVersion = 10.0.40219.1
Project("{FAE04EC0-301F-11D3-BF4B-00C04F79EFBC}") = "library API", "library API\library API.csproj", "{D364E9EF-FCAD-4C94-BB5C-4BC812031348}"
EndProject
Global
	GlobalSection(SolutionConfigurationPlatforms) = preSolution
		Debug|Any CPU = Debug|Any CPU
		Release|Any CPU = Release|Any CPU
	EndGlobalSection
	GlobalSection(ProjectConfigurationPlatforms) = postSolution
		{D364E9EF-FCAD-4C94-BB5C-4BC812031348}.Debug|Any CPU.ActiveCfg = Debug|Any CPU
		{D364E9EF-FCAD-4C94-BB5C-4BC812031348}.Debug|Any CPU.Build.0 = Debug|Any CPU
		{D364E9EF-FCAD-4C94-BB5C-4BC812031348}.Release|Any CPU.ActiveCfg = Release|Any CPU
		{D364E9EF-FCAD-4C94-BB5C-4BC812031348}.Release|Any CPU.Build.0 = Release|Any CPU
	EndGlobalSection
	GlobalSection(SolutionProperties) = preSolution
		HideSolutionNode = FALSE
	EndGlobalSection
	GlobalSection(ExtensibilityGlobals) = postSolution
		SolutionGuid = {F9DE5013-923A-4512-BBBF-EB138AC12003}
	EndGlobalSection
EndGlobal
